{
  "name": "nr-sustainment-capstone-2024",
  "lockfileVersion": 3,
  "requires": true,
  "packages": {
    "node_modules/@bcgov/design-tokens": {
      "version": "3.0.0",
      "resolved": "https://registry.npmjs.org/@bcgov/design-tokens/-/design-tokens-3.0.0.tgz",
      "integrity": "sha512-RH7FyZNg2RovlmLBzQRtoFcSAaQt1SV+6/5MiovUv8+Vib6KpBj1RSWgYc9V0cXJwpR6Az5KniAcqhAhqiJcFg=="
    }
  }
}
